dependencies:
- name: loki-stack
  repository: https://grafana.github.io/loki/charts
  version: 0.40.1
- name: sparkoperator
  repository: file://subcharts/sparkoperator
  version: 0.8.2
digest: sha256:12086bd978d48134550a19797265be4758a039890557b24d288453838cc64813
generated: "2020-09-18T15:36:42.710135-07:00"
