dependencies:
- name: loki-stack
  repository: https://grafana.github.io/helm-charts
  version: 2.1.0
- name: spark-operator
  repository: https://googlecloudplatform.github.io/spark-on-k8s-operator
  version: 1.0.5
digest: sha256:53e0e0cef965edc64ca6fb7dd6a893a12e4f9607dea3dd8717b26fb5dbb57d15
generated: "2021-01-04T10:53:49.951585-08:00"
